
Microsoft Visual Studio Solution File, Format Version 12.00
# Visual Studio Version 17
VisualStudioVersion = 17.14.36915.13 d17.14
MinimumVisualStudioVersion = 10.0.40219.1
Project("{FAE04EC0-301F-11D3-BF4B-00C04F79EFBC}") = "DisplayClock", "DisplayClock\DisplayClock.csproj", "{7BD5E7F5-1BC3-413D-BFEA-097B7ADC317B}"
EndProject
Global
	GlobalSection(SolutionConfigurationPlatforms) = preSolution
		Debug|Any CPU = Debug|Any CPU
		Release|Any CPU = Release|Any CPU
	EndGlobalSection
	GlobalSection(ProjectConfigurationPlatforms) = postSolution
		{7BD5E7F5-1BC3-413D-BFEA-097B7ADC317B}.Debug|Any CPU.ActiveCfg = Debug|Any CPU
		{7BD5E7F5-1BC3-413D-BFEA-097B7ADC317B}.Debug|Any CPU.Build.0 = Debug|Any CPU
		{7BD5E7F5-1BC3-413D-BFEA-097B7ADC317B}.Release|Any CPU.ActiveCfg = Release|Any CPU
		{7BD5E7F5-1BC3-413D-BFEA-097B7ADC317B}.Release|Any CPU.Build.0 = Release|Any CPU
	EndGlobalSection
	GlobalSection(SolutionProperties) = preSolution
		HideSolutionNode = FALSE
	EndGlobalSection
	GlobalSection(ExtensibilityGlobals) = postSolution
		SolutionGuid = {E905370A-D0DC-424D-A223-624C30242731}
	EndGlobalSection
EndGlobal
